
Microsoft Visual Studio Solution File, Format Version 12.00
# Visual Studio Version 17
VisualStudioVersion = 17.9.34622.214
MinimumVisualStudioVersion = 10.0.40219.1
Project("{9A19103F-16F7-4668-BE54-9A1E7A4F7556}") = "SistemaInventario.Entity", "SistemaInventario.Entity\SistemaInventario.Entity.csproj", "{BFE5234B-E39F-4098-B20C-94696D6A355C}"
EndProject
Project("{9A19103F-16F7-4668-BE54-9A1E7A4F7556}") = "SistemaInventario.DAL", "SistemaInventario.DAL\SistemaInventario.DAL.csproj", "{C9E9B370-60D2-4834-AF2E-1F753F03909B}"
EndProject
Project("{9A19103F-16F7-4668-BE54-9A1E7A4F7556}") = "SistemaInventario.BLL", "SistemaInventario.BLL\SistemaInventario.BLL.csproj", "{F2F74FC2-13A3-4AE4-A65B-B23608584241}"
EndProject
Project("{9A19103F-16F7-4668-BE54-9A1E7A4F7556}") = "SistemaInventario.IOC", "SistemaInventario.IOC\SistemaInventario.IOC.csproj", "{46464EF3-3953-41AD-AB8D-BEF00FCAE007}"
EndProject
Project("{9A19103F-16F7-4668-BE54-9A1E7A4F7556}") = "SistemaInventario.AplicacionWeb", "SistemaInventario.AplicacionWeb\SistemaInventario.AplicacionWeb.csproj", "{E411E218-5827-42B9-8DEA-1306F962351F}"
EndProject
Global
	GlobalSection(SolutionConfigurationPlatforms) = preSolution
		Debug|Any CPU = Debug|Any CPU
		Release|Any CPU = Release|Any CPU
	EndGlobalSection
	GlobalSection(ProjectConfigurationPlatforms) = postSolution
		{BFE5234B-E39F-4098-B20C-94696D6A355C}.Debug|Any CPU.ActiveCfg = Debug|Any CPU
		{BFE5234B-E39F-4098-B20C-94696D6A355C}.Debug|Any CPU.Build.0 = Debug|Any CPU
		{BFE5234B-E39F-4098-B20C-94696D6A355C}.Release|Any CPU.ActiveCfg = Release|Any CPU
		{BFE5234B-E39F-4098-B20C-94696D6A355C}.Release|Any CPU.Build.0 = Release|Any CPU
		{C9E9B370-60D2-4834-AF2E-1F753F03909B}.Debug|Any CPU.ActiveCfg = Debug|Any CPU
		{C9E9B370-60D2-4834-AF2E-1F753F03909B}.Debug|Any CPU.Build.0 = Debug|Any CPU
		{C9E9B370-60D2-4834-AF2E-1F753F03909B}.Release|Any CPU.ActiveCfg = Release|Any CPU
		{C9E9B370-60D2-4834-AF2E-1F753F03909B}.Release|Any CPU.Build.0 = Release|Any CPU
		{F2F74FC2-13A3-4AE4-A65B-B23608584241}.Debug|Any CPU.ActiveCfg = Debug|Any CPU
		{F2F74FC2-13A3-4AE4-A65B-B23608584241}.Debug|Any CPU.Build.0 = Debug|Any CPU
		{F2F74FC2-13A3-4AE4-A65B-B23608584241}.Release|Any CPU.ActiveCfg = Release|Any CPU
		{F2F74FC2-13A3-4AE4-A65B-B23608584241}.Release|Any CPU.Build.0 = Release|Any CPU
		{46464EF3-3953-41AD-AB8D-BEF00FCAE007}.Debug|Any CPU.ActiveCfg = Debug|Any CPU
		{46464EF3-3953-41AD-AB8D-BEF00FCAE007}.Debug|Any CPU.Build.0 = Debug|Any CPU
		{46464EF3-3953-41AD-AB8D-BEF00FCAE007}.Release|Any CPU.ActiveCfg = Release|Any CPU
		{46464EF3-3953-41AD-AB8D-BEF00FCAE007}.Release|Any CPU.Build.0 = Release|Any CPU
		{E411E218-5827-42B9-8DEA-1306F962351F}.Debug|Any CPU.ActiveCfg = Debug|Any CPU
		{E411E218-5827-42B9-8DEA-1306F962351F}.Debug|Any CPU.Build.0 = Debug|Any CPU
		{E411E218-5827-42B9-8DEA-1306F962351F}.Release|Any CPU.ActiveCfg = Release|Any CPU
		{E411E218-5827-42B9-8DEA-1306F962351F}.Release|Any CPU.Build.0 = Release|Any CPU
	EndGlobalSection
	GlobalSection(SolutionProperties) = preSolution
		HideSolutionNode = FALSE
	EndGlobalSection
	GlobalSection(ExtensibilityGlobals) = postSolution
		SolutionGuid = {7C8D97AC-0482-454D-BE94-ECC6441EF688}
	EndGlobalSection
EndGlobal
